
Microsoft Visual Studio Solution File, Format Version 12.00
# Visual Studio Version 16
VisualStudioVersion = 16.0.28803.452
MinimumVisualStudioVersion = 10.0.40219.1
Project("{FAE04EC0-301F-11D3-BF4B-00C04F79EFBC}") = "EDMTAIBotCognitive", "EDMTAIBotCognitive\EDMTAIBotCognitive.csproj", "{6E594B69-FD67-45B3-A6FA-02C04F83E135}"
EndProject
Global
	GlobalSection(SolutionConfigurationPlatforms) = preSolution
		Debug|Any CPU = Debug|Any CPU
		Release|Any CPU = Release|Any CPU
	EndGlobalSection
	GlobalSection(ProjectConfigurationPlatforms) = postSolution
		{6E594B69-FD67-45B3-A6FA-02C04F83E135}.Debug|Any CPU.ActiveCfg = Debug|Any CPU
		{6E594B69-FD67-45B3-A6FA-02C04F83E135}.Debug|Any CPU.Build.0 = Debug|Any CPU
		{6E594B69-FD67-45B3-A6FA-02C04F83E135}.Release|Any CPU.ActiveCfg = Release|Any CPU
		{6E594B69-FD67-45B3-A6FA-02C04F83E135}.Release|Any CPU.Build.0 = Release|Any CPU
	EndGlobalSection
	GlobalSection(SolutionProperties) = preSolution
		HideSolutionNode = FALSE
	EndGlobalSection
	GlobalSection(ExtensibilityGlobals) = postSolution
		SolutionGuid = {F9C71C83-36DE-4BFB-A8CF-168CFDF33E81}
	EndGlobalSection
EndGlobal
